
Microsoft Visual Studio Solution File, Format Version 12.00
# Visual Studio Version 17
VisualStudioVersion = 17.2.32519.379
MinimumVisualStudioVersion = 10.0.40219.1
Project("{FAE04EC0-301F-11D3-BF4B-00C04F79EFBC}") = "Criptografia", "Criptografia\Criptografia.csproj", "{B8A53394-3E0B-41C4-A281-99FA757DD232}"
EndProject
Project("{54435603-DBB4-11D2-8724-00A0C9A8B90C}") = "Encrypt PWD", "Encrypt PWD\Encrypt PWD.vdproj", "{B7B25387-8524-4B58-A839-40205B7ED4F7}"
EndProject
Global
	GlobalSection(SolutionConfigurationPlatforms) = preSolution
		Debug|Any CPU = Debug|Any CPU
		Release|Any CPU = Release|Any CPU
	EndGlobalSection
	GlobalSection(ProjectConfigurationPlatforms) = postSolution
		{B8A53394-3E0B-41C4-A281-99FA757DD232}.Debug|Any CPU.ActiveCfg = Debug|Any CPU
		{B8A53394-3E0B-41C4-A281-99FA757DD232}.Debug|Any CPU.Build.0 = Debug|Any CPU
		{B8A53394-3E0B-41C4-A281-99FA757DD232}.Release|Any CPU.ActiveCfg = Release|Any CPU
		{B8A53394-3E0B-41C4-A281-99FA757DD232}.Release|Any CPU.Build.0 = Release|Any CPU
		{B7B25387-8524-4B58-A839-40205B7ED4F7}.Debug|Any CPU.ActiveCfg = Debug
		{B7B25387-8524-4B58-A839-40205B7ED4F7}.Release|Any CPU.ActiveCfg = Release
	EndGlobalSection
	GlobalSection(SolutionProperties) = preSolution
		HideSolutionNode = FALSE
	EndGlobalSection
	GlobalSection(ExtensibilityGlobals) = postSolution
		SolutionGuid = {AA1A0E68-360C-4907-81EA-C5BBD98B837D}
	EndGlobalSection
EndGlobal
